// !$*UTF8*$!
{
	archiveVersion = 1;
	classes = {
	};
	objectVersion = 46;
	objects = {

/* Begin PBXBuildFile section */
		8C3CF0CD4A75A8F151817B0C /* Pods_faeBeta.framework in Frameworks */ = {isa = PBXBuildFile; fileRef = 3EA09856915F65D7E44F5F43 /* Pods_faeBeta.framework */; };
		B0A2AC991CE3A3C7002E0C9D /* AppDelegate.swift in Sources */ = {isa = PBXBuildFile; fileRef = B0A2AC981CE3A3C7002E0C9D /* AppDelegate.swift */; };
		B0A2AC9B1CE3A3C7002E0C9D /* ViewController.swift in Sources */ = {isa = PBXBuildFile; fileRef = B0A2AC9A1CE3A3C7002E0C9D /* ViewController.swift */; };
		B0A2AC9E1CE3A3C7002E0C9D /* Main.storyboard in Resources */ = {isa = PBXBuildFile; fileRef = B0A2AC9C1CE3A3C7002E0C9D /* Main.storyboard */; };
		B0A2ACA11CE3A3C7002E0C9D /* faeBeta.xcdatamodeld in Sources */ = {isa = PBXBuildFile; fileRef = B0A2AC9F1CE3A3C7002E0C9D /* faeBeta.xcdatamodeld */; };
		B0A2ACA31CE3A3C7002E0C9D /* Assets.xcassets in Resources */ = {isa = PBXBuildFile; fileRef = B0A2ACA21CE3A3C7002E0C9D /* Assets.xcassets */; };
		B0A2ACA61CE3A3C7002E0C9D /* LaunchScreen.storyboard in Resources */ = {isa = PBXBuildFile; fileRef = B0A2ACA41CE3A3C7002E0C9D /* LaunchScreen.storyboard */; };
		B0A2ACB11CE3A3C7002E0C9D /* faeBetaTests.swift in Sources */ = {isa = PBXBuildFile; fileRef = B0A2ACB01CE3A3C7002E0C9D /* faeBetaTests.swift */; };
		B0A2ACBC1CE3A3C7002E0C9D /* faeBetaUITests.swift in Sources */ = {isa = PBXBuildFile; fileRef = B0A2ACBB1CE3A3C7002E0C9D /* faeBetaUITests.swift */; };
		B0A2ACCB1CE3AA05002E0C9D /* WelcomeViewController.swift in Sources */ = {isa = PBXBuildFile; fileRef = B0A2ACCA1CE3AA05002E0C9D /* WelcomeViewController.swift */; };
		B0A2ACCD1CE3B0E1002E0C9D /* SignInViewController.swift in Sources */ = {isa = PBXBuildFile; fileRef = B0A2ACCC1CE3B0E1002E0C9D /* SignInViewController.swift */; };
		B0A2ACCF1CE3B10A002E0C9D /* RegisterViewController.swift in Sources */ = {isa = PBXBuildFile; fileRef = B0A2ACCE1CE3B10A002E0C9D /* RegisterViewController.swift */; };
		B0A2ACD11CE3B12C002E0C9D /* RegisterProfileViewController.swift in Sources */ = {isa = PBXBuildFile; fileRef = B0A2ACD01CE3B12C002E0C9D /* RegisterProfileViewController.swift */; };
/* End PBXBuildFile section */

/* Begin PBXContainerItemProxy section */
		B0A2ACAD1CE3A3C7002E0C9D /* PBXContainerItemProxy */ = {
			isa = PBXContainerItemProxy;
			containerPortal = B0A2AC8D1CE3A3C6002E0C9D /* Project object */;
			proxyType = 1;
			remoteGlobalIDString = B0A2AC941CE3A3C6002E0C9D;
			remoteInfo = faeBeta;
		};
		B0A2ACB81CE3A3C7002E0C9D /* PBXContainerItemProxy */ = {
			isa = PBXContainerItemProxy;
			containerPortal = B0A2AC8D1CE3A3C6002E0C9D /* Project object */;
			proxyType = 1;
			remoteGlobalIDString = B0A2AC941CE3A3C6002E0C9D;
			remoteInfo = faeBeta;
		};
/* End PBXContainerItemProxy section */

/* Begin PBXFileReference section */
		161518B09455887A546D2080 /* Pods-faeBeta.release.xcconfig */ = {isa = PBXFileReference; includeInIndex = 1; lastKnownFileType = text.xcconfig; name = "Pods-faeBeta.release.xcconfig"; path = "Pods/Target Support Files/Pods-faeBeta/Pods-faeBeta.release.xcconfig"; sourceTree = "<group>"; };
		3EA09856915F65D7E44F5F43 /* Pods_faeBeta.framework */ = {isa = PBXFileReference; explicitFileType = wrapper.framework; includeInIndex = 0; path = Pods_faeBeta.framework; sourceTree = BUILT_PRODUCTS_DIR; };
		B0A2AC951CE3A3C6002E0C9D /* faeBeta.app */ = {isa = PBXFileReference; explicitFileType = wrapper.application; includeInIndex = 0; path = faeBeta.app; sourceTree = BUILT_PRODUCTS_DIR; };
		B0A2AC981CE3A3C7002E0C9D /* AppDelegate.swift */ = {isa = PBXFileReference; lastKnownFileType = sourcecode.swift; path = AppDelegate.swift; sourceTree = "<group>"; };
		B0A2AC9A1CE3A3C7002E0C9D /* ViewController.swift */ = {isa = PBXFileReference; lastKnownFileType = sourcecode.swift; path = ViewController.swift; sourceTree = "<group>"; };
		B0A2AC9D1CE3A3C7002E0C9D /* Base */ = {isa = PBXFileReference; lastKnownFileType = file.storyboard; name = Base; path = Base.lproj/Main.storyboard; sourceTree = "<group>"; };
		B0A2ACA01CE3A3C7002E0C9D /* faeBeta.xcdatamodel */ = {isa = PBXFileReference; lastKnownFileType = wrapper.xcdatamodel; path = faeBeta.xcdatamodel; sourceTree = "<group>"; };
		B0A2ACA21CE3A3C7002E0C9D /* Assets.xcassets */ = {isa = PBXFileReference; lastKnownFileType = folder.assetcatalog; path = Assets.xcassets; sourceTree = "<group>"; };
		B0A2ACA51CE3A3C7002E0C9D /* Base */ = {isa = PBXFileReference; lastKnownFileType = file.storyboard; name = Base; path = Base.lproj/LaunchScreen.storyboard; sourceTree = "<group>"; };
		B0A2ACA71CE3A3C7002E0C9D /* Info.plist */ = {isa = PBXFileReference; lastKnownFileType = text.plist.xml; path = Info.plist; sourceTree = "<group>"; };
		B0A2ACAC1CE3A3C7002E0C9D /* faeBetaTests.xctest */ = {isa = PBXFileReference; explicitFileType = wrapper.cfbundle; includeInIndex = 0; path = faeBetaTests.xctest; sourceTree = BUILT_PRODUCTS_DIR; };
		B0A2ACB01CE3A3C7002E0C9D /* faeBetaTests.swift */ = {isa = PBXFileReference; lastKnownFileType = sourcecode.swift; path = faeBetaTests.swift; sourceTree = "<group>"; };
		B0A2ACB21CE3A3C7002E0C9D /* Info.plist */ = {isa = PBXFileReference; lastKnownFileType = text.plist.xml; path = Info.plist; sourceTree = "<group>"; };
		B0A2ACB71CE3A3C7002E0C9D /* faeBetaUITests.xctest */ = {isa = PBXFileReference; explicitFileType = wrapper.cfbundle; includeInIndex = 0; path = faeBetaUITests.xctest; sourceTree = BUILT_PRODUCTS_DIR; };
		B0A2ACBB1CE3A3C7002E0C9D /* faeBetaUITests.swift */ = {isa = PBXFileReference; lastKnownFileType = sourcecode.swift; path = faeBetaUITests.swift; sourceTree = "<group>"; };
		B0A2ACBD1CE3A3C7002E0C9D /* Info.plist */ = {isa = PBXFileReference; lastKnownFileType = text.plist.xml; path = Info.plist; sourceTree = "<group>"; };
		B0A2ACCA1CE3AA05002E0C9D /* WelcomeViewController.swift */ = {isa = PBXFileReference; fileEncoding = 4; lastKnownFileType = sourcecode.swift; path = WelcomeViewController.swift; sourceTree = "<group>"; };
		B0A2ACCC1CE3B0E1002E0C9D /* SignInViewController.swift */ = {isa = PBXFileReference; fileEncoding = 4; lastKnownFileType = sourcecode.swift; path = SignInViewController.swift; sourceTree = "<group>"; };
		B0A2ACCE1CE3B10A002E0C9D /* RegisterViewController.swift */ = {isa = PBXFileReference; fileEncoding = 4; lastKnownFileType = sourcecode.swift; path = RegisterViewController.swift; sourceTree = "<group>"; };
		B0A2ACD01CE3B12C002E0C9D /* RegisterProfileViewController.swift */ = {isa = PBXFileReference; fileEncoding = 4; lastKnownFileType = sourcecode.swift; path = RegisterProfileViewController.swift; sourceTree = "<group>"; };
		B6ABEDAB7BE3A05013F4EB31 /* Pods-faeBeta.debug.xcconfig */ = {isa = PBXFileReference; includeInIndex = 1; lastKnownFileType = text.xcconfig; name = "Pods-faeBeta.debug.xcconfig"; path = "Pods/Target Support Files/Pods-faeBeta/Pods-faeBeta.debug.xcconfig"; sourceTree = "<group>"; };
/* End PBXFileReference section */

/* Begin PBXFrameworksBuildPhase section */
		B0A2AC921CE3A3C6002E0C9D /* Frameworks */ = {
			isa = PBXFrameworksBuildPhase;
			buildActionMask = 2147483647;
			files = (
				8C3CF0CD4A75A8F151817B0C /* Pods_faeBeta.framework in Frameworks */,
			);
			runOnlyForDeploymentPostprocessing = 0;
		};
		B0A2ACA91CE3A3C7002E0C9D /* Frameworks */ = {
			isa = PBXFrameworksBuildPhase;
			buildActionMask = 2147483647;
			files = (
			);
			runOnlyForDeploymentPostprocessing = 0;
		};
		B0A2ACB41CE3A3C7002E0C9D /* Frameworks */ = {
			isa = PBXFrameworksBuildPhase;
			buildActionMask = 2147483647;
			files = (
			);
			runOnlyForDeploymentPostprocessing = 0;
		};
/* End PBXFrameworksBuildPhase section */

/* Begin PBXGroup section */
		755D4565B46A25FE6AA3381A /* Frameworks */ = {
			isa = PBXGroup;
			children = (
				3EA09856915F65D7E44F5F43 /* Pods_faeBeta.framework */,
			);
			name = Frameworks;
			sourceTree = "<group>";
		};
		8DBE6CA0C7760C268FD27D3B /* Pods */ = {
			isa = PBXGroup;
			children = (
				B6ABEDAB7BE3A05013F4EB31 /* Pods-faeBeta.debug.xcconfig */,
				161518B09455887A546D2080 /* Pods-faeBeta.release.xcconfig */,
			);
			name = Pods;
			sourceTree = "<group>";
		};
		B0A2AC8C1CE3A3C6002E0C9D = {
			isa = PBXGroup;
			children = (
				B0A2AC971CE3A3C7002E0C9D /* faeBeta */,
				B0A2ACAF1CE3A3C7002E0C9D /* faeBetaTests */,
				B0A2ACBA1CE3A3C7002E0C9D /* faeBetaUITests */,
				B0A2AC961CE3A3C6002E0C9D /* Products */,
				8DBE6CA0C7760C268FD27D3B /* Pods */,
				755D4565B46A25FE6AA3381A /* Frameworks */,
			);
			sourceTree = "<group>";
		};
		B0A2AC961CE3A3C6002E0C9D /* Products */ = {
			isa = PBXGroup;
			children = (
				B0A2AC951CE3A3C6002E0C9D /* faeBeta.app */,
				B0A2ACAC1CE3A3C7002E0C9D /* faeBetaTests.xctest */,
				B0A2ACB71CE3A3C7002E0C9D /* faeBetaUITests.xctest */,
			);
			name = Products;
			sourceTree = "<group>";
		};
		B0A2AC971CE3A3C7002E0C9D /* faeBeta */ = {
			isa = PBXGroup;
			children = (
				B0A2ACC91CE3A9C8002E0C9D /* SignIn */,
				B0A2AC981CE3A3C7002E0C9D /* AppDelegate.swift */,
				B0A2AC9A1CE3A3C7002E0C9D /* ViewController.swift */,
				B0A2AC9C1CE3A3C7002E0C9D /* Main.storyboard */,
				B0A2ACA21CE3A3C7002E0C9D /* Assets.xcassets */,
				B0A2ACA41CE3A3C7002E0C9D /* LaunchScreen.storyboard */,
				B0A2ACA71CE3A3C7002E0C9D /* Info.plist */,
				B0A2AC9F1CE3A3C7002E0C9D /* faeBeta.xcdatamodeld */,
			);
			path = faeBeta;
			sourceTree = "<group>";
		};
		B0A2ACAF1CE3A3C7002E0C9D /* faeBetaTests */ = {
			isa = PBXGroup;
			children = (
				B0A2ACB01CE3A3C7002E0C9D /* faeBetaTests.swift */,
				B0A2ACB21CE3A3C7002E0C9D /* Info.plist */,
			);
			path = faeBetaTests;
			sourceTree = "<group>";
		};
		B0A2ACBA1CE3A3C7002E0C9D /* faeBetaUITests */ = {
			isa = PBXGroup;
			children = (
				B0A2ACBB1CE3A3C7002E0C9D /* faeBetaUITests.swift */,
				B0A2ACBD1CE3A3C7002E0C9D /* Info.plist */,
			);
			path = faeBetaUITests;
			sourceTree = "<group>";
		};
		B0A2ACC91CE3A9C8002E0C9D /* SignIn */ = {
			isa = PBXGroup;
			children = (
				B0A2ACCA1CE3AA05002E0C9D /* WelcomeViewController.swift */,
				B0A2ACCC1CE3B0E1002E0C9D /* SignInViewController.swift */,
				B0A2ACCE1CE3B10A002E0C9D /* RegisterViewController.swift */,
				B0A2ACD01CE3B12C002E0C9D /* RegisterProfileViewController.swift */,
			);
			name = SignIn;
			sourceTree = "<group>";
		};
/* End PBXGroup section */

/* Begin PBXNativeTarget section */
		B0A2AC941CE3A3C6002E0C9D /* faeBeta */ = {
			isa = PBXNativeTarget;
			buildConfigurationList = B0A2ACC01CE3A3C7002E0C9D /* Build configuration list for PBXNativeTarget "faeBeta" */;
			buildPhases = (
				DB96DCAAA53F7C4886C28585 /* 📦 Check Pods Manifest.lock */,
				B0A2AC911CE3A3C6002E0C9D /* Sources */,
				B0A2AC921CE3A3C6002E0C9D /* Frameworks */,
				B0A2AC931CE3A3C6002E0C9D /* Resources */,
				2048746D94D2A7EDD49F1B88 /* 📦 Embed Pods Frameworks */,
				97F79091AD2457AF7493AC94 /* 📦 Copy Pods Resources */,
			);
			buildRules = (
			);
			dependencies = (
			);
			name = faeBeta;
			productName = faeBeta;
			productReference = B0A2AC951CE3A3C6002E0C9D /* faeBeta.app */;
			productType = "com.apple.product-type.application";
		};
		B0A2ACAB1CE3A3C7002E0C9D /* faeBetaTests */ = {
			isa = PBXNativeTarget;
			buildConfigurationList = B0A2ACC31CE3A3C7002E0C9D /* Build configuration list for PBXNativeTarget "faeBetaTests" */;
			buildPhases = (
				B0A2ACA81CE3A3C7002E0C9D /* Sources */,
				B0A2ACA91CE3A3C7002E0C9D /* Frameworks */,
				B0A2ACAA1CE3A3C7002E0C9D /* Resources */,
			);
			buildRules = (
			);
			dependencies = (
				B0A2ACAE1CE3A3C7002E0C9D /* PBXTargetDependency */,
			);
			name = faeBetaTests;
			productName = faeBetaTests;
			productReference = B0A2ACAC1CE3A3C7002E0C9D /* faeBetaTests.xctest */;
			productType = "com.apple.product-type.bundle.unit-test";
		};
		B0A2ACB61CE3A3C7002E0C9D /* faeBetaUITests */ = {
			isa = PBXNativeTarget;
			buildConfigurationList = B0A2ACC61CE3A3C7002E0C9D /* Build configuration list for PBXNativeTarget "faeBetaUITests" */;
			buildPhases = (
				B0A2ACB31CE3A3C7002E0C9D /* Sources */,
				B0A2ACB41CE3A3C7002E0C9D /* Frameworks */,
				B0A2ACB51CE3A3C7002E0C9D /* Resources */,
			);
			buildRules = (
			);
			dependencies = (
				B0A2ACB91CE3A3C7002E0C9D /* PBXTargetDependency */,
			);
			name = faeBetaUITests;
			productName = faeBetaUITests;
			productReference = B0A2ACB71CE3A3C7002E0C9D /* faeBetaUITests.xctest */;
			productType = "com.apple.product-type.bundle.ui-testing";
		};
/* End PBXNativeTarget section */

/* Begin PBXProject section */
		B0A2AC8D1CE3A3C6002E0C9D /* Project object */ = {
			isa = PBXProject;
			attributes = {
				LastSwiftUpdateCheck = 0730;
				LastUpgradeCheck = 0730;
				ORGANIZATIONNAME = fae;
				TargetAttributes = {
					B0A2AC941CE3A3C6002E0C9D = {
						CreatedOnToolsVersion = 7.3;
					};
					B0A2ACAB1CE3A3C7002E0C9D = {
						CreatedOnToolsVersion = 7.3;
						TestTargetID = B0A2AC941CE3A3C6002E0C9D;
					};
					B0A2ACB61CE3A3C7002E0C9D = {
						CreatedOnToolsVersion = 7.3;
						TestTargetID = B0A2AC941CE3A3C6002E0C9D;
					};
				};
			};
			buildConfigurationList = B0A2AC901CE3A3C6002E0C9D /* Build configuration list for PBXProject "faeBeta" */;
			compatibilityVersion = "Xcode 3.2";
			developmentRegion = English;
			hasScannedForEncodings = 0;
			knownRegions = (
				en,
				Base,
			);
			mainGroup = B0A2AC8C1CE3A3C6002E0C9D;
			productRefGroup = B0A2AC961CE3A3C6002E0C9D /* Products */;
			projectDirPath = "";
			projectRoot = "";
			targets = (
				B0A2AC941CE3A3C6002E0C9D /* faeBeta */,
				B0A2ACAB1CE3A3C7002E0C9D /* faeBetaTests */,
				B0A2ACB61CE3A3C7002E0C9D /* faeBetaUITests */,
			);
		};
/* End PBXProject section */

/* Begin PBXResourcesBuildPhase section */
		B0A2AC931CE3A3C6002E0C9D /* Resources */ = {
			isa = PBXResourcesBuildPhase;
			buildActionMask = 2147483647;
			files = (
				B0A2ACA61CE3A3C7002E0C9D /* LaunchScreen.storyboard in Resources */,
				B0A2ACA31CE3A3C7002E0C9D /* Assets.xcassets in Resources */,
				B0A2AC9E1CE3A3C7002E0C9D /* Main.storyboard in Resources */,
			);
			runOnlyForDeploymentPostprocessing = 0;
		};
		B0A2ACAA1CE3A3C7002E0C9D /* Resources */ = {
			isa = PBXResourcesBuildPhase;
			buildActionMask = 2147483647;
			files = (
			);
			runOnlyForDeploymentPostprocessing = 0;
		};
		B0A2ACB51CE3A3C7002E0C9D /* Resources */ = {
			isa = PBXResourcesBuildPhase;
			buildActionMask = 2147483647;
			files = (
			);
			runOnlyForDeploymentPostprocessing = 0;
		};
/* End PBXResourcesBuildPhase section */

/* Begin PBXShellScriptBuildPhase section */
		2048746D94D2A7EDD49F1B88 /* 📦 Embed Pods Frameworks */ = {
			isa = PBXShellScriptBuildPhase;
			buildActionMask = 2147483647;
			files = (
			);
			inputPaths = (
			);
			name = "📦 Embed Pods Frameworks";
			outputPaths = (
			);
			runOnlyForDeploymentPostprocessing = 0;
			shellPath = /bin/sh;
			shellScript = "\"${SRCROOT}/Pods/Target Support Files/Pods-faeBeta/Pods-faeBeta-frameworks.sh\"\n";
			showEnvVarsInLog = 0;
		};
		97F79091AD2457AF7493AC94 /* 📦 Copy Pods Resources */ = {
			isa = PBXShellScriptBuildPhase;
			buildActionMask = 2147483647;
			files = (
			);
			inputPaths = (
			);
			name = "📦 Copy Pods Resources";
			outputPaths = (
			);
			runOnlyForDeploymentPostprocessing = 0;
			shellPath = /bin/sh;
			shellScript = "\"${SRCROOT}/Pods/Target Support Files/Pods-faeBeta/Pods-faeBeta-resources.sh\"\n";
			showEnvVarsInLog = 0;
		};
		DB96DCAAA53F7C4886C28585 /* 📦 Check Pods Manifest.lock */ = {
			isa = PBXShellScriptBuildPhase;
			buildActionMask = 2147483647;
			files = (
			);
			inputPaths = (
			);
			name = "📦 Check Pods Manifest.lock";
			outputPaths = (
			);
			runOnlyForDeploymentPostprocessing = 0;
			shellPath = /bin/sh;
			shellScript = "diff \"${PODS_ROOT}/../Podfile.lock\" \"${PODS_ROOT}/Manifest.lock\" > /dev/null\nif [[ $? != 0 ]] ; then\n    cat << EOM\nerror: The sandbox is not in sync with the Podfile.lock. Run 'pod install' or update your CocoaPods installation.\nEOM\n    exit 1\nfi\n";
			showEnvVarsInLog = 0;
		};
/* End PBXShellScriptBuildPhase section */

/* Begin PBXSourcesBuildPhase section */
		B0A2AC911CE3A3C6002E0C9D /* Sources */ = {
			isa = PBXSourcesBuildPhase;
			buildActionMask = 2147483647;
			files = (
				B0A2AC9B1CE3A3C7002E0C9D /* ViewController.swift in Sources */,
				B0A2ACCB1CE3AA05002E0C9D /* WelcomeViewController.swift in Sources */,
				B0A2ACD11CE3B12C002E0C9D /* RegisterProfileViewController.swift in Sources */,
				B0A2AC991CE3A3C7002E0C9D /* AppDelegate.swift in Sources */,
				B0A2ACCF1CE3B10A002E0C9D /* RegisterViewController.swift in Sources */,
				B0A2ACCD1CE3B0E1002E0C9D /* SignInViewController.swift in Sources */,
				B0A2ACA11CE3A3C7002E0C9D /* faeBeta.xcdatamodeld in Sources */,
			);
			runOnlyForDeploymentPostprocessing = 0;
		};
		B0A2ACA81CE3A3C7002E0C9D /* Sources */ = {
			isa = PBXSourcesBuildPhase;
			buildActionMask = 2147483647;
			files = (
				B0A2ACB11CE3A3C7002E0C9D /* faeBetaTests.swift in Sources */,
			);
			runOnlyForDeploymentPostprocessing = 0;
		};
		B0A2ACB31CE3A3C7002E0C9D /* Sources */ = {
			isa = PBXSourcesBuildPhase;
			buildActionMask = 2147483647;
			files = (
				B0A2ACBC1CE3A3C7002E0C9D /* faeBetaUITests.swift in Sources */,
			);
			runOnlyForDeploymentPostprocessing = 0;
		};
/* End PBXSourcesBuildPhase section */

/* Begin PBXTargetDependency section */
		B0A2ACAE1CE3A3C7002E0C9D /* PBXTargetDependency */ = {
			isa = PBXTargetDependency;
			target = B0A2AC941CE3A3C6002E0C9D /* faeBeta */;
			targetProxy = B0A2ACAD1CE3A3C7002E0C9D /* PBXContainerItemProxy */;
		};
		B0A2ACB91CE3A3C7002E0C9D /* PBXTargetDependency */ = {
			isa = PBXTargetDependency;
			target = B0A2AC941CE3A3C6002E0C9D /* faeBeta */;
			targetProxy = B0A2ACB81CE3A3C7002E0C9D /* PBXContainerItemProxy */;
		};
/* End PBXTargetDependency section */

/* Begin PBXVariantGroup section */
		B0A2AC9C1CE3A3C7002E0C9D /* Main.storyboard */ = {
			isa = PBXVariantGroup;
			children = (
				B0A2AC9D1CE3A3C7002E0C9D /* Base */,
			);
			name = Main.storyboard;
			sourceTree = "<group>";
		};
		B0A2ACA41CE3A3C7002E0C9D /* LaunchScreen.storyboard */ = {
			isa = PBXVariantGroup;
			children = (
				B0A2ACA51CE3A3C7002E0C9D /* Base */,
			);
			name = LaunchScreen.storyboard;
			sourceTree = "<group>";
		};
/* End PBXVariantGroup section */

/* Begin XCBuildConfiguration section */
		B0A2ACBE1CE3A3C7002E0C9D /* Debug */ = {
			isa = XCBuildConfiguration;
			buildSettings = {
				ALWAYS_SEARCH_USER_PATHS = NO;
				CLANG_ANALYZER_NONNULL = YES;
				CLANG_CXX_LANGUAGE_STANDARD = "gnu++0x";
				CLANG_CXX_LIBRARY = "libc++";
				CLANG_ENABLE_MODULES = YES;
				CLANG_ENABLE_OBJC_ARC = YES;
				CLANG_WARN_BOOL_CONVERSION = YES;
				CLANG_WARN_CONSTANT_CONVERSION = YES;
				CLANG_WARN_DIRECT_OBJC_ISA_USAGE = YES_ERROR;
				CLANG_WARN_EMPTY_BODY = YES;
				CLANG_WARN_ENUM_CONVERSION = YES;
				CLANG_WARN_INT_CONVERSION = YES;
				CLANG_WARN_OBJC_ROOT_CLASS = YES_ERROR;
				CLANG_WARN_UNREACHABLE_CODE = YES;
				CLANG_WARN__DUPLICATE_METHOD_MATCH = YES;
				"CODE_SIGN_IDENTITY[sdk=iphoneos*]" = "iPhone Developer";
				COPY_PHASE_STRIP = NO;
				DEBUG_INFORMATION_FORMAT = dwarf;
				ENABLE_STRICT_OBJC_MSGSEND = YES;
				ENABLE_TESTABILITY = YES;
				GCC_C_LANGUAGE_STANDARD = gnu99;
				GCC_DYNAMIC_NO_PIC = NO;
				GCC_NO_COMMON_BLOCKS = YES;
				GCC_OPTIMIZATION_LEVEL = 0;
				GCC_PREPROCESSOR_DEFINITIONS = (
					"DEBUG=1",
					"$(inherited)",
				);
				GCC_WARN_64_TO_32_BIT_CONVERSION = YES;
				GCC_WARN_ABOUT_RETURN_TYPE = YES_ERROR;
				GCC_WARN_UNDECLARED_SELECTOR = YES;
				GCC_WARN_UNINITIALIZED_AUTOS = YES_AGGRESSIVE;
				GCC_WARN_UNUSED_FUNCTION = YES;
				GCC_WARN_UNUSED_VARIABLE = YES;
				IPHONEOS_DEPLOYMENT_TARGET = 9.3;
				MTL_ENABLE_DEBUG_INFO = YES;
				ONLY_ACTIVE_ARCH = YES;
				SDKROOT = iphoneos;
				SWIFT_OPTIMIZATION_LEVEL = "-Onone";
			};
			name = Debug;
		};
		B0A2ACBF1CE3A3C7002E0C9D /* Release */ = {
			isa = XCBuildConfiguration;
			buildSettings = {
				ALWAYS_SEARCH_USER_PATHS = NO;
				CLANG_ANALYZER_NONNULL = YES;
				CLANG_CXX_LANGUAGE_STANDARD = "gnu++0x";
				CLANG_CXX_LIBRARY = "libc++";
				CLANG_ENABLE_MODULES = YES;
				CLANG_ENABLE_OBJC_ARC = YES;
				CLANG_WARN_BOOL_CONVERSION = YES;
				CLANG_WARN_CONSTANT_CONVERSION = YES;
				CLANG_WARN_DIRECT_OBJC_ISA_USAGE = YES_ERROR;
				CLANG_WARN_EMPTY_BODY = YES;
				CLANG_WARN_ENUM_CONVERSION = YES;
				CLANG_WARN_INT_CONVERSION = YES;
				CLANG_WARN_OBJC_ROOT_CLASS = YES_ERROR;
				CLANG_WARN_UNREACHABLE_CODE = YES;
				CLANG_WARN__DUPLICATE_METHOD_MATCH = YES;
				"CODE_SIGN_IDENTITY[sdk=iphoneos*]" = "iPhone Developer";
				COPY_PHASE_STRIP = NO;
				DEBUG_INFORMATION_FORMAT = "dwarf-with-dsym";
				ENABLE_NS_ASSERTIONS = NO;
				ENABLE_STRICT_OBJC_MSGSEND = YES;
				GCC_C_LANGUAGE_STANDARD = gnu99;
				GCC_NO_COMMON_BLOCKS = YES;
				GCC_WARN_64_TO_32_BIT_CONVERSION = YES;
				GCC_WARN_ABOUT_RETURN_TYPE = YES_ERROR;
				GCC_WARN_UNDECLARED_SELECTOR = YES;
				GCC_WARN_UNINITIALIZED_AUTOS = YES_AGGRESSIVE;
				GCC_WARN_UNUSED_FUNCTION = YES;
				GCC_WARN_UNUSED_VARIABLE = YES;
				IPHONEOS_DEPLOYMENT_TARGET = 9.3;
				MTL_ENABLE_DEBUG_INFO = NO;
				SDKROOT = iphoneos;
				VALIDATE_PRODUCT = YES;
			};
			name = Release;
		};
		B0A2ACC11CE3A3C7002E0C9D /* Debug */ = {
			isa = XCBuildConfiguration;
			baseConfigurationReference = B6ABEDAB7BE3A05013F4EB31 /* Pods-faeBeta.debug.xcconfig */;
			buildSettings = {
				ASSETCATALOG_COMPILER_APPICON_NAME = AppIcon;
				CODE_SIGN_IDENTITY = "iPhone Developer";
				INFOPLIST_FILE = faeBeta/Info.plist;
				IPHONEOS_DEPLOYMENT_TARGET = 8.0;
				LD_RUNPATH_SEARCH_PATHS = "$(inherited) @executable_path/Frameworks";
				PRODUCT_BUNDLE_IDENTIFIER = fae.faeBeta;
				PRODUCT_NAME = "$(TARGET_NAME)";
				TARGETED_DEVICE_FAMILY = 1;
			};
			name = Debug;
		};
		B0A2ACC21CE3A3C7002E0C9D /* Release */ = {
			isa = XCBuildConfiguration;
			baseConfigurationReference = 161518B09455887A546D2080 /* Pods-faeBeta.release.xcconfig */;
			buildSettings = {
				ASSETCATALOG_COMPILER_APPICON_NAME = AppIcon;
				CODE_SIGN_IDENTITY = "iPhone Developer";
				INFOPLIST_FILE = faeBeta/Info.plist;
				IPHONEOS_DEPLOYMENT_TARGET = 8.0;
				LD_RUNPATH_SEARCH_PATHS = "$(inherited) @executable_path/Frameworks";
				PRODUCT_BUNDLE_IDENTIFIER = fae.faeBeta;
				PRODUCT_NAME = "$(TARGET_NAME)";
				TARGETED_DEVICE_FAMILY = 1;
			};
			name = Release;
		};
		B0A2ACC41CE3A3C7002E0C9D /* Debug */ = {
			isa = XCBuildConfiguration;
			buildSettings = {
				BUNDLE_LOADER = "$(TEST_HOST)";
				INFOPLIST_FILE = faeBetaTests/Info.plist;
				LD_RUNPATH_SEARCH_PATHS = "$(inherited) @executable_path/Frameworks @loader_path/Frameworks";
				PRODUCT_BUNDLE_IDENTIFIER = fae.faeBetaTests;
				PRODUCT_NAME = "$(TARGET_NAME)";
				TEST_HOST = "$(BUILT_PRODUCTS_DIR)/faeBeta.app/faeBeta";
			};
			name = Debug;
		};
		B0A2ACC51CE3A3C7002E0C9D /* Release */ = {
			isa = XCBuildConfiguration;
			buildSettings = {
				BUNDLE_LOADER = "$(TEST_HOST)";
				INFOPLIST_FILE = faeBetaTests/Info.plist;
				LD_RUNPATH_SEARCH_PATHS = "$(inherited) @executable_path/Frameworks @loader_path/Frameworks";
				PRODUCT_BUNDLE_IDENTIFIER = fae.faeBetaTests;
				PRODUCT_NAME = "$(TARGET_NAME)";
				TEST_HOST = "$(BUILT_PRODUCTS_DIR)/faeBeta.app/faeBeta";
			};
			name = Release;
		};
		B0A2ACC71CE3A3C7002E0C9D /* Debug */ = {
			isa = XCBuildConfiguration;
			buildSettings = {
				INFOPLIST_FILE = faeBetaUITests/Info.plist;
				LD_RUNPATH_SEARCH_PATHS = "$(inherited) @executable_path/Frameworks @loader_path/Frameworks";
				PRODUCT_BUNDLE_IDENTIFIER = fae.faeBetaUITests;
				PRODUCT_NAME = "$(TARGET_NAME)";
				TEST_TARGET_NAME = faeBeta;
			};
			name = Debug;
		};
		B0A2ACC81CE3A3C7002E0C9D /* Release */ = {
			isa = XCBuildConfiguration;
			buildSettings = {
				INFOPLIST_FILE = faeBetaUITests/Info.plist;
				LD_RUNPATH_SEARCH_PATHS = "$(inherited) @executable_path/Frameworks @loader_path/Frameworks";
				PRODUCT_BUNDLE_IDENTIFIER = fae.faeBetaUITests;
				PRODUCT_NAME = "$(TARGET_NAME)";
				TEST_TARGET_NAME = faeBeta;
			};
			name = Release;
		};
/* End XCBuildConfiguration section */

/* Begin XCConfigurationList section */
		B0A2AC901CE3A3C6002E0C9D /* Build configuration list for PBXProject "faeBeta" */ = {
			isa = XCConfigurationList;
			buildConfigurations = (
				B0A2ACBE1CE3A3C7002E0C9D /* Debug */,
				B0A2ACBF1CE3A3C7002E0C9D /* Release */,
			);
			defaultConfigurationIsVisible = 0;
			defaultConfigurationName = Release;
		};
		B0A2ACC01CE3A3C7002E0C9D /* Build configuration list for PBXNativeTarget "faeBeta" */ = {
			isa = XCConfigurationList;
			buildConfigurations = (
				B0A2ACC11CE3A3C7002E0C9D /* Debug */,
				B0A2ACC21CE3A3C7002E0C9D /* Release */,
			);
			defaultConfigurationIsVisible = 0;
			defaultConfigurationName = Release;
		};
		B0A2ACC31CE3A3C7002E0C9D /* Build configuration list for PBXNativeTarget "faeBetaTests" */ = {
			isa = XCConfigurationList;
			buildConfigurations = (
				B0A2ACC41CE3A3C7002E0C9D /* Debug */,
				B0A2ACC51CE3A3C7002E0C9D /* Release */,
			);
			defaultConfigurationIsVisible = 0;
			defaultConfigurationName = Release;
		};
		B0A2ACC61CE3A3C7002E0C9D /* Build configuration list for PBXNativeTarget "faeBetaUITests" */ = {
			isa = XCConfigurationList;
			buildConfigurations = (
				B0A2ACC71CE3A3C7002E0C9D /* Debug */,
				B0A2ACC81CE3A3C7002E0C9D /* Release */,
			);
			defaultConfigurationIsVisible = 0;
			defaultConfigurationName = Release;
		};
/* End XCConfigurationList section */

/* Begin XCVersionGroup section */
		B0A2AC9F1CE3A3C7002E0C9D /* faeBeta.xcdatamodeld */ = {
			isa = XCVersionGroup;
			children = (
				B0A2ACA01CE3A3C7002E0C9D /* faeBeta.xcdatamodel */,
			);
			currentVersion = B0A2ACA01CE3A3C7002E0C9D /* faeBeta.xcdatamodel */;
			path = faeBeta.xcdatamodeld;
			sourceTree = "<group>";
			versionGroupType = wrapper.xcdatamodel;
		};
/* End XCVersionGroup section */
	};
	rootObject = B0A2AC8D1CE3A3C6002E0C9D /* Project object */;
}
